
Microsoft Visual Studio Solution File, Format Version 12.00
# Visual Studio 2015
Project("{FAE04EC0-301F-11D3-BF4B-00C04F79EFBC}") = "RobotRythm.CSharp", "RobotRythm.CSharp.csproj", "{596DB6B0-4257-DCAB-5617-5064607DD55C}"
EndProject
Global
	GlobalSection(SolutionConfigurationPlatforms) = preSolution
		Debug|Any CPU = Debug|Any CPU
		Release|Any CPU = Release|Any CPU
	EndGlobalSection
	GlobalSection(ProjectConfigurationPlatforms) = postSolution
		{596DB6B0-4257-DCAB-5617-5064607DD55C}.Debug|Any CPU.ActiveCfg = Debug|Any CPU
		{596DB6B0-4257-DCAB-5617-5064607DD55C}.Debug|Any CPU.Build.0 = Debug|Any CPU
		{596DB6B0-4257-DCAB-5617-5064607DD55C}.Release|Any CPU.ActiveCfg = Release|Any CPU
		{596DB6B0-4257-DCAB-5617-5064607DD55C}.Release|Any CPU.Build.0 = Release|Any CPU
	EndGlobalSection
	GlobalSection(SolutionProperties) = preSolution
		HideSolutionNode = FALSE
	EndGlobalSection
EndGlobal
